hash: 356c001930bbe639c9a42010c658c747728dedcd7e4efa6af56902251d2b9ec8
updated: 2016-10-07T12:21:36.388787725-06:00
imports:
- name: github.com/alecthomas/template
  version: a0175ee3bccc567396460bf5acd36800cb10c49c
  subpackages:
  - parse
- name: github.com/alecthomas/units
  version: 2efee857e7cfd4f3d0138cc3cbb1b4966962b93a
- name: github.com/boltdb/bolt
  version: f4c032d907f61f08dba2d719c58f108a1abb8e81
- name: github.com/brutella/hc
  version: 2da3b57fd12c4cd779caf77b3556d44be9548325
  subpackages:
  - accessory
- name: github.com/cswank/brewery
  version: 848d97bc5a206c9799d23dbfadce01cf28d3db50
  subpackages:
  - recipes
- name: github.com/cswank/gogadgets
  version: 4223d26131c2429541baa222f249793fb716aaf5
  subpackages:
  - utils
- name: github.com/cswank/rex
  version: 8390566cea77dca01abfe45f47f65e5d09fc397d
- name: github.com/dgrijalva/jwt-go
  version: 24c63f56522a87ec5339cc3567883f1039378fdb
- name: github.com/GeertJohan/go.rice
  version: 9fdfd46f9806a9228aae341d65ab75c5235c383c
- name: github.com/gorilla/context
  version: 08b5f424b9271eedf6f9f0ce86cb9396ed337a42
- name: github.com/gorilla/securecookie
  version: fa5329f913702981df43dcb2a380bac429c810b5
- name: github.com/gorilla/websocket
  version: 2d1e4548da234d9cb742cc3628556fef86aafbac
- name: github.com/howeyc/gopass
  version: f5387c492211eb133053880d23dfae62aa14123d
- name: github.com/jroimartin/gocui
  version: 6314568953c4aed84dcf733599a2ba613d708756
- name: github.com/justinas/alice
  version: 1051eaf52fcafdd87ead59d28b065f1fcb8274ec
- name: github.com/mattn/go-runewidth
  version: d6bea18f789704b5f83375793155289da36a3c7f
- name: github.com/nsf/termbox-go
  version: b6acae516ace002cb8105a89024544a1480655a5
- name: github.com/sec51/twofactor
  version: cc1b87fe43f78b5bbdbcd7e71c0f1f8f43a14443
- name: golang.org/x/crypto
  version: d172538b2cfce0c13cee31e647d0367aa8cd2486
  subpackages:
  - bcrypt
  - ssh/terminal
- name: golang.org/x/sys
  version: 8d1157a435470616f975ff9bb013bea8d0962067
  subpackages:
  - unix
- name: gopkg.in/alecthomas/kingpin.v2
  version: e9044be3ab2a8e11d4e1f418d12f0790d57e8d70
testImports: []
